
Microsoft Visual Studio Solution File, Format Version 12.00
# Visual Studio Version 16
VisualStudioVersion = 16.0.31321.278
MinimumVisualStudioVersion = 10.0.40219.1
Project("{FAE04EC0-301F-11D3-BF4B-00C04F79EFBC}") = "DirectoryHomework", "DirectoryHomework.csproj", "{DB04D540-1F0D-4C06-8E53-B27AD99F7AF1}"
EndProject
Global
	GlobalSection(SolutionConfigurationPlatforms) = preSolution
		Debug|Any CPU = Debug|Any CPU
		Release|Any CPU = Release|Any CPU
	EndGlobalSection
	GlobalSection(ProjectConfigurationPlatforms) = postSolution
		{DB04D540-1F0D-4C06-8E53-B27AD99F7AF1}.Debug|Any CPU.ActiveCfg = Debug|Any CPU
		{DB04D540-1F0D-4C06-8E53-B27AD99F7AF1}.Debug|Any CPU.Build.0 = Debug|Any CPU
		{DB04D540-1F0D-4C06-8E53-B27AD99F7AF1}.Release|Any CPU.ActiveCfg = Release|Any CPU
		{DB04D540-1F0D-4C06-8E53-B27AD99F7AF1}.Release|Any CPU.Build.0 = Release|Any CPU
	EndGlobalSection
	GlobalSection(SolutionProperties) = preSolution
		HideSolutionNode = FALSE
	EndGlobalSection
	GlobalSection(ExtensibilityGlobals) = postSolution
		SolutionGuid = {E001E0D1-7F71-4842-B8D2-75E830C08C18}
	EndGlobalSection
EndGlobal
